// !$*UTF8*$!
{
	archiveVersion = 1;
	classes = {
	};
	objectVersion = 51;
	objects = {

/* Begin PBXBuildFile section */
		12AEB10526791F1F00617189 /* AppDelegate.swift in Sources */ = {isa = PBXBuildFile; fileRef = 12AEB10426791F1F00617189 /* AppDelegate.swift */; };
		12AEB10726791F1F00617189 /* SceneDelegate.swift in Sources */ = {isa = PBXBuildFile; fileRef = 12AEB10626791F1F00617189 /* SceneDelegate.swift */; };
		12AEB10926791F1F00617189 /* AccountViewController.swift in Sources */ = {isa = PBXBuildFile; fileRef = 12AEB10826791F1F00617189 /* AccountViewController.swift */; };
		12AEB10C26791F1F00617189 /* Main.storyboard in Resources */ = {isa = PBXBuildFile; fileRef = 12AEB10A26791F1F00617189 /* Main.storyboard */; };
		12AEB10E26791F2000617189 /* Assets.xcassets in Resources */ = {isa = PBXBuildFile; fileRef = 12AEB10D26791F2000617189 /* Assets.xcassets */; };
		12AEB11126791F2000617189 /* LaunchScreen.storyboard in Resources */ = {isa = PBXBuildFile; fileRef = 12AEB10F26791F2000617189 /* LaunchScreen.storyboard */; };
		12AEB11C2679219800617189 /* DetailAccountViewController.swift in Sources */ = {isa = PBXBuildFile; fileRef = 12AEB11B2679219800617189 /* DetailAccountViewController.swift */; };
		12AEB11E267921C600617189 /* Account.swift in Sources */ = {isa = PBXBuildFile; fileRef = 12AEB11D267921C600617189 /* Account.swift */; };
		12AEB122267927DB00617189 /* NotificationCenterViewController.swift in Sources */ = {isa = PBXBuildFile; fileRef = 12AEB121267927DB00617189 /* NotificationCenterViewController.swift */; };
		12AEB125267BB9D500617189 /* ChooseFruitViewController.swift in Sources */ = {isa = PBXBuildFile; fileRef = 12AEB124267BB9D500617189 /* ChooseFruitViewController.swift */; };
		12AEB127267BB9E800617189 /* FruitsViewController.swift in Sources */ = {isa = PBXBuildFile; fileRef = 12AEB126267BB9E800617189 /* FruitsViewController.swift */; };
		12AEB12A267BC9C500617189 /* NetworkViewController.swift in Sources */ = {isa = PBXBuildFile; fileRef = 12AEB129267BC9C500617189 /* NetworkViewController.swift */; };
		12AEB12C267BD83D00617189 /* APIService.swift in Sources */ = {isa = PBXBuildFile; fileRef = 12AEB12B267BD83D00617189 /* APIService.swift */; };
		5645E9FE96FA57A669DD5472 /* Pods_client_server_course_3.framework in Frameworks */ = {isa = PBXBuildFile; fileRef = B4EFB622D0228614910865BD /* Pods_client_server_course_3.framework */; };
/* End PBXBuildFile section */

/* Begin PBXFileReference section */
		12AEB10126791F1F00617189 /* client-server-course-3.app */ = {isa = PBXFileReference; explicitFileType = wrapper.application; includeInIndex = 0; path = "client-server-course-3.app"; sourceTree = BUILT_PRODUCTS_DIR; };
		12AEB10426791F1F00617189 /* AppDelegate.swift */ = {isa = PBXFileReference; lastKnownFileType = sourcecode.swift; path = AppDelegate.swift; sourceTree = "<group>"; };
		12AEB10626791F1F00617189 /* SceneDelegate.swift */ = {isa = PBXFileReference; lastKnownFileType = sourcecode.swift; path = SceneDelegate.swift; sourceTree = "<group>"; };
		12AEB10826791F1F00617189 /* AccountViewController.swift */ = {isa = PBXFileReference; lastKnownFileType = sourcecode.swift; path = AccountViewController.swift; sourceTree = "<group>"; };
		12AEB10B26791F1F00617189 /* Base */ = {isa = PBXFileReference; lastKnownFileType = file.storyboard; name = Base; path = Base.lproj/Main.storyboard; sourceTree = "<group>"; };
		12AEB10D26791F2000617189 /* Assets.xcassets */ = {isa = PBXFileReference; lastKnownFileType = folder.assetcatalog; path = Assets.xcassets; sourceTree = "<group>"; };
		12AEB11026791F2000617189 /* Base */ = {isa = PBXFileReference; lastKnownFileType = file.storyboard; name = Base; path = Base.lproj/LaunchScreen.storyboard; sourceTree = "<group>"; };
		12AEB11226791F2000617189 /* Info.plist */ = {isa = PBXFileReference; lastKnownFileType = text.plist.xml; path = Info.plist; sourceTree = "<group>"; };
		12AEB11B2679219800617189 /* DetailAccountViewController.swift */ = {isa = PBXFileReference; lastKnownFileType = sourcecode.swift; path = DetailAccountViewController.swift; sourceTree = "<group>"; };
		12AEB11D267921C600617189 /* Account.swift */ = {isa = PBXFileReference; lastKnownFileType = sourcecode.swift; path = Account.swift; sourceTree = "<group>"; };
		12AEB121267927DB00617189 /* NotificationCenterViewController.swift */ = {isa = PBXFileReference; lastKnownFileType = sourcecode.swift; path = NotificationCenterViewController.swift; sourceTree = "<group>"; };
		12AEB124267BB9D500617189 /* ChooseFruitViewController.swift */ = {isa = PBXFileReference; lastKnownFileType = sourcecode.swift; path = ChooseFruitViewController.swift; sourceTree = "<group>"; };
		12AEB126267BB9E800617189 /* FruitsViewController.swift */ = {isa = PBXFileReference; lastKnownFileType = sourcecode.swift; path = FruitsViewController.swift; sourceTree = "<group>"; };
		12AEB129267BC9C500617189 /* NetworkViewController.swift */ = {isa = PBXFileReference; lastKnownFileType = sourcecode.swift; path = NetworkViewController.swift; sourceTree = "<group>"; };
		12AEB12B267BD83D00617189 /* APIService.swift */ = {isa = PBXFileReference; lastKnownFileType = sourcecode.swift; path = APIService.swift; sourceTree = "<group>"; };
		1D0FBF2B6C9A554FC4207E17 /* Pods-client-server-course-3.release.xcconfig */ = {isa = PBXFileReference; includeInIndex = 1; lastKnownFileType = text.xcconfig; name = "Pods-client-server-course-3.release.xcconfig"; path = "Target Support Files/Pods-client-server-course-3/Pods-client-server-course-3.release.xcconfig"; sourceTree = "<group>"; };
		A76C8740F4A381F913604130 /* Pods-client-server-course-3.debug.xcconfig */ = {isa = PBXFileReference; includeInIndex = 1; lastKnownFileType = text.xcconfig; name = "Pods-client-server-course-3.debug.xcconfig"; path = "Target Support Files/Pods-client-server-course-3/Pods-client-server-course-3.debug.xcconfig"; sourceTree = "<group>"; };
		B4EFB622D0228614910865BD /* Pods_client_server_course_3.framework */ = {isa = PBXFileReference; explicitFileType = wrapper.framework; includeInIndex = 0; path = Pods_client_server_course_3.framework; sourceTree = BUILT_PRODUCTS_DIR; };
/* End PBXFileReference section */

/* Begin PBXFrameworksBuildPhase section */
		12AEB0FE26791F1F00617189 /* Frameworks */ = {
			isa = PBXFrameworksBuildPhase;
			buildActionMask = 2147483647;
			files = (
				5645E9FE96FA57A669DD5472 /* Pods_client_server_course_3.framework in Frameworks */,
			);
			runOnlyForDeploymentPostprocessing = 0;
		};
/* End PBXFrameworksBuildPhase section */

/* Begin PBXGroup section */
		12AEB0F826791F1F00617189 = {
			isa = PBXGroup;
			children = (
				12AEB10326791F1F00617189 /* client-server-course-3 */,
				12AEB10226791F1F00617189 /* Products */,
				4922F308F612DB1D9A86F309 /* Pods */,
				4D1F27AE67C58FB1606E98EB /* Frameworks */,
			);
			sourceTree = "<group>";
		};
		12AEB10226791F1F00617189 /* Products */ = {
			isa = PBXGroup;
			children = (
				12AEB10126791F1F00617189 /* client-server-course-3.app */,
			);
			name = Products;
			sourceTree = "<group>";
		};
		12AEB10326791F1F00617189 /* client-server-course-3 */ = {
			isa = PBXGroup;
			children = (
				12AEB1182679210700617189 /* App */,
				12AEB128267BC8B200617189 /* Lesson-2 */,
				12AEB11A2679211900617189 /* Lesson-1 */,
				12AEB1192679210E00617189 /* Resources */,
			);
			path = "client-server-course-3";
			sourceTree = "<group>";
		};
		12AEB1182679210700617189 /* App */ = {
			isa = PBXGroup;
			children = (
				12AEB10426791F1F00617189 /* AppDelegate.swift */,
				12AEB10626791F1F00617189 /* SceneDelegate.swift */,
			);
			path = App;
			sourceTree = "<group>";
		};
		12AEB1192679210E00617189 /* Resources */ = {
			isa = PBXGroup;
			children = (
				12AEB10A26791F1F00617189 /* Main.storyboard */,
				12AEB10D26791F2000617189 /* Assets.xcassets */,
				12AEB10F26791F2000617189 /* LaunchScreen.storyboard */,
				12AEB11226791F2000617189 /* Info.plist */,
			);
			path = Resources;
			sourceTree = "<group>";
		};
		12AEB11A2679211900617189 /* Lesson-1 */ = {
			isa = PBXGroup;
			children = (
				12AEB123267BB98400617189 /* Delegate */,
				12AEB120267925AD00617189 /* NotificationCenter */,
				12AEB11F2679258400617189 /* Singleton */,
			);
			path = "Lesson-1";
			sourceTree = "<group>";
		};
		12AEB11F2679258400617189 /* Singleton */ = {
			isa = PBXGroup;
			children = (
				12AEB10826791F1F00617189 /* AccountViewController.swift */,
				12AEB11B2679219800617189 /* DetailAccountViewController.swift */,
				12AEB11D267921C600617189 /* Account.swift */,
			);
			path = Singleton;
			sourceTree = "<group>";
		};
		12AEB120267925AD00617189 /* NotificationCenter */ = {
			isa = PBXGroup;
			children = (
				12AEB121267927DB00617189 /* NotificationCenterViewController.swift */,
			);
			path = NotificationCenter;
			sourceTree = "<group>";
		};
		12AEB123267BB98400617189 /* Delegate */ = {
			isa = PBXGroup;
			children = (
				12AEB124267BB9D500617189 /* ChooseFruitViewController.swift */,
				12AEB126267BB9E800617189 /* FruitsViewController.swift */,
			);
			path = Delegate;
			sourceTree = "<group>";
		};
		12AEB128267BC8B200617189 /* Lesson-2 */ = {
			isa = PBXGroup;
			children = (
				12AEB129267BC9C500617189 /* NetworkViewController.swift */,
				12AEB12B267BD83D00617189 /* APIService.swift */,
			);
			path = "Lesson-2";
			sourceTree = "<group>";
		};
		4922F308F612DB1D9A86F309 /* Pods */ = {
			isa = PBXGroup;
			children = (
				A76C8740F4A381F913604130 /* Pods-client-server-course-3.debug.xcconfig */,
				1D0FBF2B6C9A554FC4207E17 /* Pods-client-server-course-3.release.xcconfig */,
			);
			path = Pods;
			sourceTree = "<group>";
		};
		4D1F27AE67C58FB1606E98EB /* Frameworks */ = {
			isa = PBXGroup;
			children = (
				B4EFB622D0228614910865BD /* Pods_client_server_course_3.framework */,
			);
			name = Frameworks;
			sourceTree = "<group>";
		};
/* End PBXGroup section */

/* Begin PBXNativeTarget section */
		12AEB10026791F1F00617189 /* client-server-course-3 */ = {
			isa = PBXNativeTarget;
			buildConfigurationList = 12AEB11526791F2000617189 /* Build configuration list for PBXNativeTarget "client-server-course-3" */;
			buildPhases = (
				73B182AD99AF3BF8A17852E7 /* [CP] Check Pods Manifest.lock */,
				12AEB0FD26791F1F00617189 /* Sources */,
				12AEB0FE26791F1F00617189 /* Frameworks */,
				12AEB0FF26791F1F00617189 /* Resources */,
				ED4D624C2344CAB6B1F23109 /* [CP] Embed Pods Frameworks */,
			);
			buildRules = (
			);
			dependencies = (
			);
			name = "client-server-course-3";
			productName = "client-server-course-3";
			productReference = 12AEB10126791F1F00617189 /* client-server-course-3.app */;
			productType = "com.apple.product-type.application";
		};
/* End PBXNativeTarget section */

/* Begin PBXProject section */
		12AEB0F926791F1F00617189 /* Project object */ = {
			isa = PBXProject;
			attributes = {
				LastSwiftUpdateCheck = 1250;
				LastUpgradeCheck = 1250;
				TargetAttributes = {
					12AEB10026791F1F00617189 = {
						CreatedOnToolsVersion = 12.5;
					};
				};
			};
			buildConfigurationList = 12AEB0FC26791F1F00617189 /* Build configuration list for PBXProject "client-server-course-3" */;
			compatibilityVersion = "Xcode 9.3";
			developmentRegion = en;
			hasScannedForEncodings = 0;
			knownRegions = (
				en,
				Base,
			);
			mainGroup = 12AEB0F826791F1F00617189;
			productRefGroup = 12AEB10226791F1F00617189 /* Products */;
			projectDirPath = "";
			projectRoot = "";
			targets = (
				12AEB10026791F1F00617189 /* client-server-course-3 */,
			);
		};
/* End PBXProject section */

/* Begin PBXResourcesBuildPhase section */
		12AEB0FF26791F1F00617189 /* Resources */ = {
			isa = PBXResourcesBuildPhase;
			buildActionMask = 2147483647;
			files = (
				12AEB11126791F2000617189 /* LaunchScreen.storyboard in Resources */,
				12AEB10E26791F2000617189 /* Assets.xcassets in Resources */,
				12AEB10C26791F1F00617189 /* Main.storyboard in Resources */,
			);
			runOnlyForDeploymentPostprocessing = 0;
		};
/* End PBXResourcesBuildPhase section */

/* Begin PBXShellScriptBuildPhase section */
		73B182AD99AF3BF8A17852E7 /* [CP] Check Pods Manifest.lock */ = {
			isa = PBXShellScriptBuildPhase;
			buildActionMask = 2147483647;
			files = (
			);
			inputFileListPaths = (
			);
			inputPaths = (
				"${PODS_PODFILE_DIR_PATH}/Podfile.lock",
				"${PODS_ROOT}/Manifest.lock",
			);
			name = "[CP] Check Pods Manifest.lock";
			outputFileListPaths = (
			);
			outputPaths = (
				"$(DERIVED_FILE_DIR)/Pods-client-server-course-3-checkManifestLockResult.txt",
			);
			runOnlyForDeploymentPostprocessing = 0;
			shellPath = /bin/sh;
			shellScript = "diff \"${PODS_PODFILE_DIR_PATH}/Podfile.lock\" \"${PODS_ROOT}/Manifest.lock\" > /dev/null\nif [ $? != 0 ] ; then\n    # print error to STDERR\n    echo \"error: The sandbox is not in sync with the Podfile.lock. Run 'pod install' or update your CocoaPods installation.\" >&2\n    exit 1\nfi\n# This output is used by Xcode 'outputs' to avoid re-running this script phase.\necho \"SUCCESS\" > \"${SCRIPT_OUTPUT_FILE_0}\"\n";
			showEnvVarsInLog = 0;
		};
		ED4D624C2344CAB6B1F23109 /* [CP] Embed Pods Frameworks */ = {
			isa = PBXShellScriptBuildPhase;
			buildActionMask = 2147483647;
			files = (
			);
			inputFileListPaths = (
				"${PODS_ROOT}/Target Support Files/Pods-client-server-course-3/Pods-client-server-course-3-frameworks-${CONFIGURATION}-input-files.xcfilelist",
			);
			name = "[CP] Embed Pods Frameworks";
			outputFileListPaths = (
				"${PODS_ROOT}/Target Support Files/Pods-client-server-course-3/Pods-client-server-course-3-frameworks-${CONFIGURATION}-output-files.xcfilelist",
			);
			runOnlyForDeploymentPostprocessing = 0;
			shellPath = /bin/sh;
			shellScript = "\"${PODS_ROOT}/Target Support Files/Pods-client-server-course-3/Pods-client-server-course-3-frameworks.sh\"\n";
			showEnvVarsInLog = 0;
		};
/* End PBXShellScriptBuildPhase section */

/* Begin PBXSourcesBuildPhase section */
		12AEB0FD26791F1F00617189 /* Sources */ = {
			isa = PBXSourcesBuildPhase;
			buildActionMask = 2147483647;
			files = (
				12AEB125267BB9D500617189 /* ChooseFruitViewController.swift in Sources */,
				12AEB127267BB9E800617189 /* FruitsViewController.swift in Sources */,
				12AEB122267927DB00617189 /* NotificationCenterViewController.swift in Sources */,
				12AEB11E267921C600617189 /* Account.swift in Sources */,
				12AEB10926791F1F00617189 /* AccountViewController.swift in Sources */,
				12AEB11C2679219800617189 /* DetailAccountViewController.swift in Sources */,
				12AEB12C267BD83D00617189 /* APIService.swift in Sources */,
				12AEB10526791F1F00617189 /* AppDelegate.swift in Sources */,
				12AEB12A267BC9C500617189 /* NetworkViewController.swift in Sources */,
				12AEB10726791F1F00617189 /* SceneDelegate.swift in Sources */,
			);
			runOnlyForDeploymentPostprocessing = 0;
		};
/* End PBXSourcesBuildPhase section */

/* Begin PBXVariantGroup section */
		12AEB10A26791F1F00617189 /* Main.storyboard */ = {
			isa = PBXVariantGroup;
			children = (
				12AEB10B26791F1F00617189 /* Base */,
			);
			name = Main.storyboard;
			sourceTree = "<group>";
		};
		12AEB10F26791F2000617189 /* LaunchScreen.storyboard */ = {
			isa = PBXVariantGroup;
			children = (
				12AEB11026791F2000617189 /* Base */,
			);
			name = LaunchScreen.storyboard;
			sourceTree = "<group>";
		};
/* End PBXVariantGroup section */

/* Begin XCBuildConfiguration section */
		12AEB11326791F2000617189 /* Debug */ = {
			isa = XCBuildConfiguration;
			buildSettings = {
				ALWAYS_SEARCH_USER_PATHS = NO;
				CLANG_ANALYZER_NONNULL = YES;
				CLANG_ANALYZER_NUMBER_OBJECT_CONVERSION = YES_AGGRESSIVE;
				CLANG_CXX_LANGUAGE_STANDARD = "gnu++14";
				CLANG_CXX_LIBRARY = "libc++";
				CLANG_ENABLE_MODULES = YES;
				CLANG_ENABLE_OBJC_ARC = YES;
				CLANG_ENABLE_OBJC_WEAK = YES;
				CLANG_WARN_BLOCK_CAPTURE_AUTORELEASING = YES;
				CLANG_WARN_BOOL_CONVERSION = YES;
				CLANG_WARN_COMMA = YES;
				CLANG_WARN_CONSTANT_CONVERSION = YES;
				CLANG_WARN_DEPRECATED_OBJC_IMPLEMENTATIONS = YES;
				CLANG_WARN_DIRECT_OBJC_ISA_USAGE = YES_ERROR;
				CLANG_WARN_DOCUMENTATION_COMMENTS = YES;
				CLANG_WARN_EMPTY_BODY = YES;
				CLANG_WARN_ENUM_CONVERSION = YES;
				CLANG_WARN_INFINITE_RECURSION = YES;
				CLANG_WARN_INT_CONVERSION = YES;
				CLANG_WARN_NON_LITERAL_NULL_CONVERSION = YES;
				CLANG_WARN_OBJC_IMPLICIT_RETAIN_SELF = YES;
				CLANG_WARN_OBJC_LITERAL_CONVERSION = YES;
				CLANG_WARN_OBJC_ROOT_CLASS = YES_ERROR;
				CLANG_WARN_QUOTED_INCLUDE_IN_FRAMEWORK_HEADER = YES;
				CLANG_WARN_RANGE_LOOP_ANALYSIS = YES;
				CLANG_WARN_STRICT_PROTOTYPES = YES;
				CLANG_WARN_SUSPICIOUS_MOVE = YES;
				CLANG_WARN_UNGUARDED_AVAILABILITY = YES_AGGRESSIVE;
				CLANG_WARN_UNREACHABLE_CODE = YES;
				CLANG_WARN__DUPLICATE_METHOD_MATCH = YES;
				COPY_PHASE_STRIP = NO;
				DEBUG_INFORMATION_FORMAT = dwarf;
				ENABLE_STRICT_OBJC_MSGSEND = YES;
				ENABLE_TESTABILITY = YES;
				GCC_C_LANGUAGE_STANDARD = gnu11;
				GCC_DYNAMIC_NO_PIC = NO;
				GCC_NO_COMMON_BLOCKS = YES;
				GCC_OPTIMIZATION_LEVEL = 0;
				GCC_PREPROCESSOR_DEFINITIONS = (
					"DEBUG=1",
					"$(inherited)",
				);
				GCC_WARN_64_TO_32_BIT_CONVERSION = YES;
				GCC_WARN_ABOUT_RETURN_TYPE = YES_ERROR;
				GCC_WARN_UNDECLARED_SELECTOR = YES;
				GCC_WARN_UNINITIALIZED_AUTOS = YES_AGGRESSIVE;
				GCC_WARN_UNUSED_FUNCTION = YES;
				GCC_WARN_UNUSED_VARIABLE = YES;
				IPHONEOS_DEPLOYMENT_TARGET = 14.5;
				MTL_ENABLE_DEBUG_INFO = INCLUDE_SOURCE;
				MTL_FAST_MATH = YES;
				ONLY_ACTIVE_ARCH = YES;
				SDKROOT = iphoneos;
				SWIFT_ACTIVE_COMPILATION_CONDITIONS = DEBUG;
				SWIFT_OPTIMIZATION_LEVEL = "-Onone";
			};
			name = Debug;
		};
		12AEB11426791F2000617189 /* Release */ = {
			isa = XCBuildConfiguration;
			buildSettings = {
				ALWAYS_SEARCH_USER_PATHS = NO;
				CLANG_ANALYZER_NONNULL = YES;
				CLANG_ANALYZER_NUMBER_OBJECT_CONVERSION = YES_AGGRESSIVE;
				CLANG_CXX_LANGUAGE_STANDARD = "gnu++14";
				CLANG_CXX_LIBRARY = "libc++";
				CLANG_ENABLE_MODULES = YES;
				CLANG_ENABLE_OBJC_ARC = YES;
				CLANG_ENABLE_OBJC_WEAK = YES;
				CLANG_WARN_BLOCK_CAPTURE_AUTORELEASING = YES;
				CLANG_WARN_BOOL_CONVERSION = YES;
				CLANG_WARN_COMMA = YES;
				CLANG_WARN_CONSTANT_CONVERSION = YES;
				CLANG_WARN_DEPRECATED_OBJC_IMPLEMENTATIONS = YES;
				CLANG_WARN_DIRECT_OBJC_ISA_USAGE = YES_ERROR;
				CLANG_WARN_DOCUMENTATION_COMMENTS = YES;
				CLANG_WARN_EMPTY_BODY = YES;
				CLANG_WARN_ENUM_CONVERSION = YES;
				CLANG_WARN_INFINITE_RECURSION = YES;
				CLANG_WARN_INT_CONVERSION = YES;
				CLANG_WARN_NON_LITERAL_NULL_CONVERSION = YES;
				CLANG_WARN_OBJC_IMPLICIT_RETAIN_SELF = YES;
				CLANG_WARN_OBJC_LITERAL_CONVERSION = YES;
				CLANG_WARN_OBJC_ROOT_CLASS = YES_ERROR;
				CLANG_WARN_QUOTED_INCLUDE_IN_FRAMEWORK_HEADER = YES;
				CLANG_WARN_RANGE_LOOP_ANALYSIS = YES;
				CLANG_WARN_STRICT_PROTOTYPES = YES;
				CLANG_WARN_SUSPICIOUS_MOVE = YES;
				CLANG_WARN_UNGUARDED_AVAILABILITY = YES_AGGRESSIVE;
				CLANG_WARN_UNREACHABLE_CODE = YES;
				CLANG_WARN__DUPLICATE_METHOD_MATCH = YES;
				COPY_PHASE_STRIP = NO;
				DEBUG_INFORMATION_FORMAT = "dwarf-with-dsym";
				ENABLE_NS_ASSERTIONS = NO;
				ENABLE_STRICT_OBJC_MSGSEND = YES;
				GCC_C_LANGUAGE_STANDARD = gnu11;
				GCC_NO_COMMON_BLOCKS = YES;
				GCC_WARN_64_TO_32_BIT_CONVERSION = YES;
				GCC_WARN_ABOUT_RETURN_TYPE = YES_ERROR;
				GCC_WARN_UNDECLARED_SELECTOR = YES;
				GCC_WARN_UNINITIALIZED_AUTOS = YES_AGGRESSIVE;
				GCC_WARN_UNUSED_FUNCTION = YES;
				GCC_WARN_UNUSED_VARIABLE = YES;
				IPHONEOS_DEPLOYMENT_TARGET = 14.5;
				MTL_ENABLE_DEBUG_INFO = NO;
				MTL_FAST_MATH = YES;
				SDKROOT = iphoneos;
				SWIFT_COMPILATION_MODE = wholemodule;
				SWIFT_OPTIMIZATION_LEVEL = "-O";
				VALIDATE_PRODUCT = YES;
			};
			name = Release;
		};
		12AEB11626791F2000617189 /* Debug */ = {
			isa = XCBuildConfiguration;
			baseConfigurationReference = A76C8740F4A381F913604130 /* Pods-client-server-course-3.debug.xcconfig */;
			buildSettings = {
				ASSETCATALOG_COMPILER_APPICON_NAME = AppIcon;
				ASSETCATALOG_COMPILER_GLOBAL_ACCENT_COLOR_NAME = AccentColor;
				CODE_SIGN_STYLE = Automatic;
				DEVELOPMENT_TEAM = 77XX2PXRV7;
				INFOPLIST_FILE = "client-server-course-3/Resources/Info.plist";
				LD_RUNPATH_SEARCH_PATHS = (
					"$(inherited)",
					"@executable_path/Frameworks",
				);
				PRODUCT_BUNDLE_IDENTIFIER = "com.gb.client-server-course-3";
				PRODUCT_NAME = "$(TARGET_NAME)";
				SWIFT_VERSION = 5.0;
				TARGETED_DEVICE_FAMILY = "1,2";
			};
			name = Debug;
		};
		12AEB11726791F2000617189 /* Release */ = {
			isa = XCBuildConfiguration;
			baseConfigurationReference = 1D0FBF2B6C9A554FC4207E17 /* Pods-client-server-course-3.release.xcconfig */;
			buildSettings = {
				ASSETCATALOG_COMPILER_APPICON_NAME = AppIcon;
				ASSETCATALOG_COMPILER_GLOBAL_ACCENT_COLOR_NAME = AccentColor;
				CODE_SIGN_STYLE = Automatic;
				DEVELOPMENT_TEAM = 77XX2PXRV7;
				INFOPLIST_FILE = "client-server-course-3/Resources/Info.plist";
				LD_RUNPATH_SEARCH_PATHS = (
					"$(inherited)",
					"@executable_path/Frameworks",
				);
				PRODUCT_BUNDLE_IDENTIFIER = "com.gb.client-server-course-3";
				PRODUCT_NAME = "$(TARGET_NAME)";
				SWIFT_VERSION = 5.0;
				TARGETED_DEVICE_FAMILY = "1,2";
			};
			name = Release;
		};
/* End XCBuildConfiguration section */

/* Begin XCConfigurationList section */
		12AEB0FC26791F1F00617189 /* Build configuration list for PBXProject "client-server-course-3" */ = {
			isa = XCConfigurationList;
			buildConfigurations = (
				12AEB11326791F2000617189 /* Debug */,
				12AEB11426791F2000617189 /* Release */,
			);
			defaultConfigurationIsVisible = 0;
			defaultConfigurationName = Release;
		};
		12AEB11526791F2000617189 /* Build configuration list for PBXNativeTarget "client-server-course-3" */ = {
			isa = XCConfigurationList;
			buildConfigurations = (
				12AEB11626791F2000617189 /* Debug */,
				12AEB11726791F2000617189 /* Release */,
			);
			defaultConfigurationIsVisible = 0;
			defaultConfigurationName = Release;
		};
/* End XCConfigurationList section */
	};
	rootObject = 12AEB0F926791F1F00617189 /* Project object */;
}
